
Microsoft Visual Studio Solution File, Format Version 12.00
# Visual Studio Version 17
VisualStudioVersion = 17.0.31903.59
MinimumVisualStudioVersion = 10.0.40219.1
Project("{FAE04EC0-301F-11D3-BF4B-00C04F79EFBC}") = "LawCaseManagement.Core", "LawCaseManagement.Core\LawCaseManagement.Core.csproj", "{D673B1E6-6409-410B-9B0A-568B57FEE2B3}"
EndProject
Project("{FAE04EC0-301F-11D3-BF4B-00C04F79EFBC}") = "LawCaseManagement.Wpf", "LawCaseManagement.Wpf\LawCaseManagement.Wpf.csproj", "{D2BBD001-D87E-4594-B606-D1FAB4950D36}"
EndProject
Project("{FAE04EC0-301F-11D3-BF4B-00C04F79EFBC}") = "LawCaseManagement.Verify", "LawCaseManagement.Verify\LawCaseManagement.Verify.csproj", "{4B4242F2-1229-41B3-AA06-5A254A1DBFE8}"
EndProject
Global
	GlobalSection(SolutionConfigurationPlatforms) = preSolution
		Debug|Any CPU = Debug|Any CPU
		Release|Any CPU = Release|Any CPU
	EndGlobalSection
	GlobalSection(SolutionProperties) = preSolution
		HideSolutionNode = FALSE
	EndGlobalSection
	GlobalSection(ProjectConfigurationPlatforms) = postSolution
		{D673B1E6-6409-410B-9B0A-568B57FEE2B3}.Debug|Any CPU.ActiveCfg = Debug|Any CPU
		{D673B1E6-6409-410B-9B0A-568B57FEE2B3}.Debug|Any CPU.Build.0 = Debug|Any CPU
		{D673B1E6-6409-410B-9B0A-568B57FEE2B3}.Release|Any CPU.ActiveCfg = Release|Any CPU
		{D673B1E6-6409-410B-9B0A-568B57FEE2B3}.Release|Any CPU.Build.0 = Release|Any CPU
		{D2BBD001-D87E-4594-B606-D1FAB4950D36}.Debug|Any CPU.ActiveCfg = Debug|Any CPU
		{D2BBD001-D87E-4594-B606-D1FAB4950D36}.Debug|Any CPU.Build.0 = Debug|Any CPU
		{D2BBD001-D87E-4594-B606-D1FAB4950D36}.Release|Any CPU.ActiveCfg = Release|Any CPU
		{D2BBD001-D87E-4594-B606-D1FAB4950D36}.Release|Any CPU.Build.0 = Release|Any CPU
		{4B4242F2-1229-41B3-AA06-5A254A1DBFE8}.Debug|Any CPU.ActiveCfg = Debug|Any CPU
		{4B4242F2-1229-41B3-AA06-5A254A1DBFE8}.Debug|Any CPU.Build.0 = Debug|Any CPU
		{4B4242F2-1229-41B3-AA06-5A254A1DBFE8}.Release|Any CPU.ActiveCfg = Release|Any CPU
		{4B4242F2-1229-41B3-AA06-5A254A1DBFE8}.Release|Any CPU.Build.0 = Release|Any CPU
	EndGlobalSection
EndGlobal
